// !$*UTF8*$!
{
	archiveVersion = 1;
	classes = {
	};
	objectVersion = 48;
	objects = {

/* Begin PBXBuildFile section */
		176718D5201C9B3600FDF1CF /* file_utils.c in Sources */ = {isa = PBXBuildFile; fileRef = 176718D3201C9B3600FDF1CF /* file_utils.c */; };
		176718D9201CA00F00FDF1CF /* amfi_utils.c in Sources */ = {isa = PBXBuildFile; fileRef = 176718D7201CA00F00FDF1CF /* amfi_utils.c */; };
		176718DE201CB8B100FDF1CF /* offsetof.c in Sources */ = {isa = PBXBuildFile; fileRef = 176718DC201CB8B100FDF1CF /* offsetof.c */; };
		176718E1201CC80B00FDF1CF /* utils.c in Sources */ = {isa = PBXBuildFile; fileRef = 176718DF201CC80A00FDF1CF /* utils.c */; };
		17C74A00200E7298008B0276 /* dropbear.plist in Resources */ = {isa = PBXBuildFile; fileRef = 17C749FF200E7297008B0276 /* dropbear.plist */; };
		4A7B89692010255800CB6439 /* jailbreakd.plist in Resources */ = {isa = PBXBuildFile; fileRef = 4A7B89682010255800CB6439 /* jailbreakd.plist */; };
		6545304C200E8F600017BA60 /* remap_tfp_set_hsp.c in Sources */ = {isa = PBXBuildFile; fileRef = 6545304B200E8F600017BA60 /* remap_tfp_set_hsp.c */; };
		B003EB351FC583CB00C58441 /* kmem.c in Sources */ = {isa = PBXBuildFile; fileRef = B003EB331FC583CA00C58441 /* kmem.c */; };
		B003EB381FC5863800C58441 /* find_port.c in Sources */ = {isa = PBXBuildFile; fileRef = B003EB361FC5863800C58441 /* find_port.c */; };
		B003EB3B1FC58F4900C58441 /* kdbg.c in Sources */ = {isa = PBXBuildFile; fileRef = B003EB391FC58F4900C58441 /* kdbg.c */; };
		B04E25091FCD6DB300F09CCE /* kutils.c in Sources */ = {isa = PBXBuildFile; fileRef = B04E25071FCD6DB300F09CCE /* kutils.c */; };
		B07A023E1FB09B6F0018ACE5 /* AppDelegate.m in Sources */ = {isa = PBXBuildFile; fileRef = B07A023D1FB09B6F0018ACE5 /* AppDelegate.m */; };
		B07A02411FB09B6F0018ACE5 /* ViewController.m in Sources */ = {isa = PBXBuildFile; fileRef = B07A02401FB09B6F0018ACE5 /* ViewController.m */; };
		B07A02441FB09B6F0018ACE5 /* Main.storyboard in Resources */ = {isa = PBXBuildFile; fileRef = B07A02421FB09B6F0018ACE5 /* Main.storyboard */; };
		B07A02461FB09B6F0018ACE5 /* Assets.xcassets in Resources */ = {isa = PBXBuildFile; fileRef = B07A02451FB09B6F0018ACE5 /* Assets.xcassets */; };
		B07A02491FB09B6F0018ACE5 /* LaunchScreen.storyboard in Resources */ = {isa = PBXBuildFile; fileRef = B07A02471FB09B6F0018ACE5 /* LaunchScreen.storyboard */; };
		B07A024C1FB09B6F0018ACE5 /* main.m in Sources */ = {isa = PBXBuildFile; fileRef = B07A024B1FB09B6F0018ACE5 /* main.m */; };
		B07A02541FB09C3D0018ACE5 /* async_wake.c in Sources */ = {isa = PBXBuildFile; fileRef = B07A02521FB09C3D0018ACE5 /* async_wake.c */; };
		B0EF11141FCC6F9C00C1D14E /* kcall.c in Sources */ = {isa = PBXBuildFile; fileRef = B0EF11121FCC6F9C00C1D14E /* kcall.c */; };
		B0EF11171FCC784B00C1D14E /* symbols.c in Sources */ = {isa = PBXBuildFile; fileRef = B0EF11151FCC784B00C1D14E /* symbols.c */; };
		B0F5AA3F1FDE87E90073FD88 /* early_kalloc.c in Sources */ = {isa = PBXBuildFile; fileRef = B0F5AA3D1FDE87E80073FD88 /* early_kalloc.c */; };
		BC8B64C41FE5252F00EDF749 /* fun_objc.m in Sources */ = {isa = PBXBuildFile; fileRef = BC8B64C31FE5252F00EDF749 /* fun_objc.m */; };
		BC8EE46C1FE272CF00402F32 /* fun.c in Sources */ = {isa = PBXBuildFile; fileRef = BC8EE46A1FE272CF00402F32 /* fun.c */; };
		BC8EE46F1FE2B4E800402F32 /* patchfinder64.c in Sources */ = {isa = PBXBuildFile; fileRef = BC8EE46D1FE2B4E800402F32 /* patchfinder64.c */; };
		BC9969041FE66CE200A4EDB9 /* ent.plist in Resources */ = {isa = PBXBuildFile; fileRef = BC9969031FE66CE200A4EDB9 /* ent.plist */; };
		F14B5F961FF2265900E62599 /* start_jailbreakd.m in Sources */ = {isa = PBXBuildFile; fileRef = F14B5F951FF2265900E62599 /* start_jailbreakd.m */; };
		F1531E0C20096FC000DD5051 /* unjailbreak.sh in Resources */ = {isa = PBXBuildFile; fileRef = F1531E0B20096FC000DD5051 /* unjailbreak.sh */; };
		F1531E0E2009702B00DD5051 /* NSData+GZip.m in Sources */ = {isa = PBXBuildFile; fileRef = F1531E0D2009702B00DD5051 /* NSData+GZip.m */; };
		F1531E112009709800DD5051 /* tar.gz in Resources */ = {isa = PBXBuildFile; fileRef = F1531E102009709700DD5051 /* tar.gz */; };
		F1531E51200983DD00DD5051 /* safemode.tar in Resources */ = {isa = PBXBuildFile; fileRef = F1531E50200983DD00DD5051 /* safemode.tar */; };
		F158610E1FEA002000795B90 /* gnubinpack.tar in Resources */ = {isa = PBXBuildFile; fileRef = F158610D1FEA002000795B90 /* gnubinpack.tar */; };
		F15B0264200888A6002CF5EE /* anemoneapp.tar in Resources */ = {isa = PBXBuildFile; fileRef = F15B0263200888A6002CF5EE /* anemoneapp.tar */; };
		F15B0266200888AA002CF5EE /* tweaksupport.tar in Resources */ = {isa = PBXBuildFile; fileRef = F15B0265200888AA002CF5EE /* tweaksupport.tar */; };
		F15B026E2008C679002CF5EE /* CSGradientView.m in Sources */ = {isa = PBXBuildFile; fileRef = F15B026D2008C679002CF5EE /* CSGradientView.m */; };
		F1954019200BFE86000D094F /* AppIcon76x76.png in Resources */ = {isa = PBXBuildFile; fileRef = F195400E200BFE85000D094F /* AppIcon76x76.png */; };
		F195401A200BFE86000D094F /* AppIcon40x40@3x.png in Resources */ = {isa = PBXBuildFile; fileRef = F195400F200BFE85000D094F /* AppIcon40x40@3x.png */; };
		F195401B200BFE86000D094F /* AppIcon40x40.png in Resources */ = {isa = PBXBuildFile; fileRef = F1954010200BFE85000D094F /* AppIcon40x40.png */; };
		F195401C200BFE86000D094F /* AppIcon40x40@2x.png in Resources */ = {isa = PBXBuildFile; fileRef = F1954011200BFE86000D094F /* AppIcon40x40@2x.png */; };
		F195401D200BFE86000D094F /* AppIcon20x20.png in Resources */ = {isa = PBXBuildFile; fileRef = F1954012200BFE86000D094F /* AppIcon20x20.png */; };
		F195401E200BFE86000D094F /* AppIcon83.5x83.5@2x.png in Resources */ = {isa = PBXBuildFile; fileRef = F1954013200BFE86000D094F /* AppIcon83.5x83.5@2x.png */; };
		F195401F200BFE86000D094F /* AppIcon60x60@3x.png in Resources */ = {isa = PBXBuildFile; fileRef = F1954014200BFE86000D094F /* AppIcon60x60@3x.png */; };
		F1954020200BFE86000D094F /* AppIcon60x60@2x.png in Resources */ = {isa = PBXBuildFile; fileRef = F1954015200BFE86000D094F /* AppIcon60x60@2x.png */; };
		F1954021200BFE86000D094F /* AppIcon20x20@3x.png in Resources */ = {isa = PBXBuildFile; fileRef = F1954016200BFE86000D094F /* AppIcon20x20@3x.png */; };
		F1954022200BFE86000D094F /* AppIcon20x20@2x.png in Resources */ = {isa = PBXBuildFile; fileRef = F1954017200BFE86000D094F /* AppIcon20x20@2x.png */; };
		F1954023200BFE86000D094F /* AppIcon76x76@2x.png in Resources */ = {isa = PBXBuildFile; fileRef = F1954018200BFE86000D094F /* AppIcon76x76@2x.png */; };
		F198765B200A8A0F00D4BB56 /* unlocknvram.c in Sources */ = {isa = PBXBuildFile; fileRef = F198765A200A8A0F00D4BB56 /* unlocknvram.c */; };
/* End PBXBuildFile section */

/* Begin PBXFileReference section */
		176718D3201C9B3600FDF1CF /* file_utils.c */ = {isa = PBXFileReference; lastKnownFileType = sourcecode.c.c; path = file_utils.c; sourceTree = "<group>"; };
		176718D4201C9B3600FDF1CF /* file_utils.h */ = {isa = PBXFileReference; lastKnownFileType = sourcecode.c.h; path = file_utils.h; sourceTree = "<group>"; };
		176718D6201C9F0900FDF1CF /* codesign.h */ = {isa = PBXFileReference; lastKnownFileType = sourcecode.c.h; path = codesign.h; sourceTree = "<group>"; };
		176718D7201CA00F00FDF1CF /* amfi_utils.c */ = {isa = PBXFileReference; lastKnownFileType = sourcecode.c.c; path = amfi_utils.c; sourceTree = "<group>"; };
		176718D8201CA00F00FDF1CF /* amfi_utils.h */ = {isa = PBXFileReference; lastKnownFileType = sourcecode.c.h; path = amfi_utils.h; sourceTree = "<group>"; };
		176718DB201CA98800FDF1CF /* IOKit.h */ = {isa = PBXFileReference; lastKnownFileType = sourcecode.c.h; path = IOKit.h; sourceTree = "<group>"; };
		176718DC201CB8B100FDF1CF /* offsetof.c */ = {isa = PBXFileReference; lastKnownFileType = sourcecode.c.c; path = offsetof.c; sourceTree = "<group>"; };
		176718DD201CB8B100FDF1CF /* offsetof.h */ = {isa = PBXFileReference; lastKnownFileType = sourcecode.c.h; path = offsetof.h; sourceTree = "<group>"; };
		176718DF201CC80A00FDF1CF /* utils.c */ = {isa = PBXFileReference; lastKnownFileType = sourcecode.c.c; path = utils.c; sourceTree = "<group>"; };
		176718E0201CC80B00FDF1CF /* utils.h */ = {isa = PBXFileReference; lastKnownFileType = sourcecode.c.h; path = utils.h; sourceTree = "<group>"; };
		17C749FF200E7297008B0276 /* dropbear.plist */ = {isa = PBXFileReference; fileEncoding = 4; lastKnownFileType = text.plist.xml; path = dropbear.plist; sourceTree = "<group>"; };
		4A7B89682010255800CB6439 /* jailbreakd.plist */ = {isa = PBXFileReference; fileEncoding = 4; lastKnownFileType = text.plist.xml; path = jailbreakd.plist; sourceTree = "<group>"; };
		6545304A200E8F600017BA60 /* remap_tfp_set_hsp.h */ = {isa = PBXFileReference; lastKnownFileType = sourcecode.c.h; path = remap_tfp_set_hsp.h; sourceTree = "<group>"; };
		6545304B200E8F600017BA60 /* remap_tfp_set_hsp.c */ = {isa = PBXFileReference; lastKnownFileType = sourcecode.c.c; path = remap_tfp_set_hsp.c; sourceTree = "<group>"; };
		B003EB331FC583CA00C58441 /* kmem.c */ = {isa = PBXFileReference; lastKnownFileType = sourcecode.c.c; path = kmem.c; sourceTree = "<group>"; };
		B003EB341FC583CA00C58441 /* kmem.h */ = {isa = PBXFileReference; lastKnownFileType = sourcecode.c.h; path = kmem.h; sourceTree = "<group>"; };
		B003EB361FC5863800C58441 /* find_port.c */ = {isa = PBXFileReference; lastKnownFileType = sourcecode.c.c; path = find_port.c; sourceTree = "<group>"; };
		B003EB371FC5863800C58441 /* find_port.h */ = {isa = PBXFileReference; lastKnownFileType = sourcecode.c.h; path = find_port.h; sourceTree = "<group>"; };
		B003EB391FC58F4900C58441 /* kdbg.c */ = {isa = PBXFileReference; lastKnownFileType = sourcecode.c.c; path = kdbg.c; sourceTree = "<group>"; };
		B003EB3A1FC58F4900C58441 /* kdbg.h */ = {isa = PBXFileReference; lastKnownFileType = sourcecode.c.h; path = kdbg.h; sourceTree = "<group>"; };
		B04E25071FCD6DB300F09CCE /* kutils.c */ = {isa = PBXFileReference; lastKnownFileType = sourcecode.c.c; path = kutils.c; sourceTree = "<group>"; };
		B04E25081FCD6DB300F09CCE /* kutils.h */ = {isa = PBXFileReference; lastKnownFileType = sourcecode.c.h; path = kutils.h; sourceTree = "<group>"; };
		B04E250A1FCF083A00F09CCE /* arm64_state.h */ = {isa = PBXFileReference; lastKnownFileType = sourcecode.c.h; path = arm64_state.h; sourceTree = "<group>"; };
		B07A02391FB09B6F0018ACE5 /* electra.app */ = {isa = PBXFileReference; explicitFileType = wrapper.application; includeInIndex = 0; path = electra.app; sourceTree = BUILT_PRODUCTS_DIR; };
		B07A023C1FB09B6F0018ACE5 /* AppDelegate.h */ = {isa = PBXFileReference; lastKnownFileType = sourcecode.c.h; path = AppDelegate.h; sourceTree = "<group>"; };
		B07A023D1FB09B6F0018ACE5 /* AppDelegate.m */ = {isa = PBXFileReference; lastKnownFileType = sourcecode.c.objc; path = AppDelegate.m; sourceTree = "<group>"; };
		B07A023F1FB09B6F0018ACE5 /* ViewController.h */ = {isa = PBXFileReference; lastKnownFileType = sourcecode.c.h; path = ViewController.h; sourceTree = "<group>"; };
		B07A02401FB09B6F0018ACE5 /* ViewController.m */ = {isa = PBXFileReference; lastKnownFileType = sourcecode.c.objc; path = ViewController.m; sourceTree = "<group>"; };
		B07A02431FB09B6F0018ACE5 /* Base */ = {isa = PBXFileReference; lastKnownFileType = file.storyboard; name = Base; path = Base.lproj/Main.storyboard; sourceTree = "<group>"; };
		B07A02451FB09B6F0018ACE5 /* Assets.xcassets */ = {isa = PBXFileReference; lastKnownFileType = folder.assetcatalog; path = Assets.xcassets; sourceTree = "<group>"; };
		B07A02481FB09B6F0018ACE5 /* Base */ = {isa = PBXFileReference; lastKnownFileType = file.storyboard; name = Base; path = Base.lproj/LaunchScreen.storyboard; sourceTree = "<group>"; };
		B07A024A1FB09B6F0018ACE5 /* Info.plist */ = {isa = PBXFileReference; lastKnownFileType = text.plist.xml; path = Info.plist; sourceTree = "<group>"; };
		B07A024B1FB09B6F0018ACE5 /* main.m */ = {isa = PBXFileReference; lastKnownFileType = sourcecode.c.objc; path = main.m; sourceTree = "<group>"; };
		B07A02521FB09C3D0018ACE5 /* async_wake.c */ = {isa = PBXFileReference; lastKnownFileType = sourcecode.c.c; path = async_wake.c; sourceTree = "<group>"; };
		B07A02531FB09C3D0018ACE5 /* async_wake.h */ = {isa = PBXFileReference; lastKnownFileType = sourcecode.c.h; path = async_wake.h; sourceTree = "<group>"; };
		B0D79D611FDED41000B4F233 /* README */ = {isa = PBXFileReference; lastKnownFileType = text; path = README; sourceTree = "<group>"; };
		B0EF11121FCC6F9C00C1D14E /* kcall.c */ = {isa = PBXFileReference; lastKnownFileType = sourcecode.c.c; path = kcall.c; sourceTree = "<group>"; };
		B0EF11131FCC6F9C00C1D14E /* kcall.h */ = {isa = PBXFileReference; lastKnownFileType = sourcecode.c.h; path = kcall.h; sourceTree = "<group>"; };
		B0EF11151FCC784B00C1D14E /* symbols.c */ = {isa = PBXFileReference; lastKnownFileType = sourcecode.c.c; path = symbols.c; sourceTree = "<group>"; };
		B0EF11161FCC784B00C1D14E /* symbols.h */ = {isa = PBXFileReference; lastKnownFileType = sourcecode.c.h; path = symbols.h; sourceTree = "<group>"; };
		B0F5AA3D1FDE87E80073FD88 /* early_kalloc.c */ = {isa = PBXFileReference; lastKnownFileType = sourcecode.c.c; path = early_kalloc.c; sourceTree = "<group>"; };
		B0F5AA3E1FDE87E80073FD88 /* early_kalloc.h */ = {isa = PBXFileReference; lastKnownFileType = sourcecode.c.h; path = early_kalloc.h; sourceTree = "<group>"; };
		BC8B64C31FE5252F00EDF749 /* fun_objc.m */ = {isa = PBXFileReference; lastKnownFileType = sourcecode.c.objc; path = fun_objc.m; sourceTree = "<group>"; };
		BC8B64C51FE5253B00EDF749 /* fun_objc.h */ = {isa = PBXFileReference; lastKnownFileType = sourcecode.c.h; path = fun_objc.h; sourceTree = "<group>"; };
		BC8EE46A1FE272CF00402F32 /* fun.c */ = {isa = PBXFileReference; lastKnownFileType = sourcecode.c.c; path = fun.c; sourceTree = "<group>"; };
		BC8EE46B1FE272CF00402F32 /* fun.h */ = {isa = PBXFileReference; lastKnownFileType = sourcecode.c.h; path = fun.h; sourceTree = "<group>"; };
		BC8EE46D1FE2B4E800402F32 /* patchfinder64.c */ = {isa = PBXFileReference; fileEncoding = 4; lastKnownFileType = sourcecode.c.c; path = patchfinder64.c; sourceTree = "<group>"; };
		BC8EE46E1FE2B4E800402F32 /* patchfinder64.h */ = {isa = PBXFileReference; fileEncoding = 4; lastKnownFileType = sourcecode.c.h; path = patchfinder64.h; sourceTree = "<group>"; };
		BC9969031FE66CE200A4EDB9 /* ent.plist */ = {isa = PBXFileReference; lastKnownFileType = text.plist.xml; path = ent.plist; sourceTree = "<group>"; };
		F14B5F951FF2265900E62599 /* start_jailbreakd.m */ = {isa = PBXFileReference; lastKnownFileType = sourcecode.c.objc; path = start_jailbreakd.m; sourceTree = "<group>"; };
		F1531E0B20096FC000DD5051 /* unjailbreak.sh */ = {isa = PBXFileReference; fileEncoding = 4; lastKnownFileType = text.script.sh; path = unjailbreak.sh; sourceTree = "<group>"; };
		F1531E0D2009702B00DD5051 /* NSData+GZip.m */ = {isa = PBXFileReference; lastKnownFileType = sourcecode.c.objc; path = "NSData+GZip.m"; sourceTree = "<group>"; };
		F1531E0F2009703900DD5051 /* NSData+GZip.h */ = {isa = PBXFileReference; lastKnownFileType = sourcecode.c.h; path = "NSData+GZip.h"; sourceTree = "<group>"; };
		F1531E102009709700DD5051 /* tar.gz */ = {isa = PBXFileReference; lastKnownFileType = archive.gzip; path = tar.gz; sourceTree = "<group>"; };
		F1531E50200983DD00DD5051 /* safemode.tar */ = {isa = PBXFileReference; lastKnownFileType = archive.tar; path = safemode.tar; sourceTree = "<group>"; };
		F158610D1FEA002000795B90 /* gnubinpack.tar */ = {isa = PBXFileReference; lastKnownFileType = archive.tar; path = gnubinpack.tar; sourceTree = "<group>"; };
		F15B0263200888A6002CF5EE /* anemoneapp.tar */ = {isa = PBXFileReference; lastKnownFileType = archive.tar; path = anemoneapp.tar; sourceTree = "<group>"; };
		F15B0265200888AA002CF5EE /* tweaksupport.tar */ = {isa = PBXFileReference; lastKnownFileType = archive.tar; path = tweaksupport.tar; sourceTree = "<group>"; };
		F15B026C2008C679002CF5EE /* CSGradientView.h */ = {isa = PBXFileReference; lastKnownFileType = sourcecode.c.h; path = CSGradientView.h; sourceTree = "<group>"; };
		F15B026D2008C679002CF5EE /* CSGradientView.m */ = {isa = PBXFileReference; lastKnownFileType = sourcecode.c.objc; path = CSGradientView.m; sourceTree = "<group>"; };
		F195400E200BFE85000D094F /* AppIcon76x76.png */ = {isa = PBXFileReference; lastKnownFileType = image.png; path = AppIcon76x76.png; sourceTree = "<group>"; };
		F195400F200BFE85000D094F /* AppIcon40x40@3x.png */ = {isa = PBXFileReference; lastKnownFileType = image.png; path = "AppIcon40x40@3x.png"; sourceTree = "<group>"; };
		F1954010200BFE85000D094F /* AppIcon40x40.png */ = {isa = PBXFileReference; lastKnownFileType = image.png; path = AppIcon40x40.png; sourceTree = "<group>"; };
		F1954011200BFE86000D094F /* AppIcon40x40@2x.png */ = {isa = PBXFileReference; lastKnownFileType = image.png; path = "AppIcon40x40@2x.png"; sourceTree = "<group>"; };
		F1954012200BFE86000D094F /* AppIcon20x20.png */ = {isa = PBXFileReference; lastKnownFileType = image.png; path = AppIcon20x20.png; sourceTree = "<group>"; };
		F1954013200BFE86000D094F /* AppIcon83.5x83.5@2x.png */ = {isa = PBXFileReference; lastKnownFileType = image.png; path = "AppIcon83.5x83.5@2x.png"; sourceTree = "<group>"; };
		F1954014200BFE86000D094F /* AppIcon60x60@3x.png */ = {isa = PBXFileReference; lastKnownFileType = image.png; path = "AppIcon60x60@3x.png"; sourceTree = "<group>"; };
		F1954015200BFE86000D094F /* AppIcon60x60@2x.png */ = {isa = PBXFileReference; lastKnownFileType = image.png; path = "AppIcon60x60@2x.png"; sourceTree = "<group>"; };
		F1954016200BFE86000D094F /* AppIcon20x20@3x.png */ = {isa = PBXFileReference; lastKnownFileType = image.png; path = "AppIcon20x20@3x.png"; sourceTree = "<group>"; };
		F1954017200BFE86000D094F /* AppIcon20x20@2x.png */ = {isa = PBXFileReference; lastKnownFileType = image.png; path = "AppIcon20x20@2x.png"; sourceTree = "<group>"; };
		F1954018200BFE86000D094F /* AppIcon76x76@2x.png */ = {isa = PBXFileReference; lastKnownFileType = image.png; path = "AppIcon76x76@2x.png"; sourceTree = "<group>"; };
		F1987659200A8A0F00D4BB56 /* unlocknvram.h */ = {isa = PBXFileReference; lastKnownFileType = sourcecode.c.h; path = unlocknvram.h; sourceTree = "<group>"; };
		F198765A200A8A0F00D4BB56 /* unlocknvram.c */ = {isa = PBXFileReference; lastKnownFileType = sourcecode.c.c; path = unlocknvram.c; sourceTree = "<group>"; };
		F1F28F4F1FF052870074AA75 /* test.m */ = {isa = PBXFileReference; fileEncoding = 4; lastKnownFileType = sourcecode.c.objc; path = test.m; sourceTree = "<group>"; };
/* End PBXFileReference section */

/* Begin PBXFrameworksBuildPhase section */
		B07A02361FB09B6F0018ACE5 /* Frameworks */ = {
			isa = PBXFrameworksBuildPhase;
			buildActionMask = 2147483647;
			files = (
			);
			runOnlyForDeploymentPostprocessing = 0;
		};
/* End PBXFrameworksBuildPhase section */

/* Begin PBXGroup section */
		176718CC201C98EB00FDF1CF /* bootstrap */ = {
			isa = PBXGroup;
			children = (
				F1F28F4A1FF052870074AA75 /* binaries */,
				F1531E102009709700DD5051 /* tar.gz */,
				F158610D1FEA002000795B90 /* gnubinpack.tar */,
				F15B0265200888AA002CF5EE /* tweaksupport.tar */,
				F15B0263200888A6002CF5EE /* anemoneapp.tar */,
				F1531E50200983DD00DD5051 /* safemode.tar */,
				17C749FF200E7297008B0276 /* dropbear.plist */,
				4A7B89682010255800CB6439 /* jailbreakd.plist */,
			);
			path = bootstrap;
			sourceTree = "<group>";
		};
		176718CD201C991F00FDF1CF /* exploit */ = {
			isa = PBXGroup;
			children = (
				B0D79D611FDED41000B4F233 /* README */,
				B04E250A1FCF083A00F09CCE /* arm64_state.h */,
				B07A02521FB09C3D0018ACE5 /* async_wake.c */,
				B07A02531FB09C3D0018ACE5 /* async_wake.h */,
				B0F5AA3D1FDE87E80073FD88 /* early_kalloc.c */,
				B0F5AA3E1FDE87E80073FD88 /* early_kalloc.h */,
				B003EB361FC5863800C58441 /* find_port.c */,
				B003EB371FC5863800C58441 /* find_port.h */,
				B0EF11121FCC6F9C00C1D14E /* kcall.c */,
				B0EF11131FCC6F9C00C1D14E /* kcall.h */,
				B003EB391FC58F4900C58441 /* kdbg.c */,
				B003EB3A1FC58F4900C58441 /* kdbg.h */,
				B003EB331FC583CA00C58441 /* kmem.c */,
				B003EB341FC583CA00C58441 /* kmem.h */,
				B0EF11151FCC784B00C1D14E /* symbols.c */,
				B0EF11161FCC784B00C1D14E /* symbols.h */,
			);
			path = exploit;
			sourceTree = "<group>";
		};
		176718CE201C995A00FDF1CF /* app */ = {
			isa = PBXGroup;
			children = (
				176718D1201C9A6D00FDF1CF /* controllers */,
				176718CF201C9A4D00FDF1CF /* view */,
				B07A023C1FB09B6F0018ACE5 /* AppDelegate.h */,
				B07A023D1FB09B6F0018ACE5 /* AppDelegate.m */,
				B07A02471FB09B6F0018ACE5 /* LaunchScreen.storyboard */,
				B07A02421FB09B6F0018ACE5 /* Main.storyboard */,
			);
			path = app;
			sourceTree = "<group>";
		};
		176718CF201C9A4D00FDF1CF /* view */ = {
			isa = PBXGroup;
			children = (
				F15B026C2008C679002CF5EE /* CSGradientView.h */,
				F15B026D2008C679002CF5EE /* CSGradientView.m */,
			);
			path = view;
			sourceTree = "<group>";
		};
		176718D1201C9A6D00FDF1CF /* controllers */ = {
			isa = PBXGroup;
			children = (
				B07A023F1FB09B6F0018ACE5 /* ViewController.h */,
				B07A02401FB09B6F0018ACE5 /* ViewController.m */,
			);
			path = controllers;
			sourceTree = "<group>";
		};
		176718D2201C9B0B00FDF1CF /* utilities */ = {
			isa = PBXGroup;
			children = (
				176718D3201C9B3600FDF1CF /* file_utils.c */,
				176718D4201C9B3600FDF1CF /* file_utils.h */,
				176718D7201CA00F00FDF1CF /* amfi_utils.c */,
				176718D8201CA00F00FDF1CF /* amfi_utils.h */,
				B04E25071FCD6DB300F09CCE /* kutils.c */,
				B04E25081FCD6DB300F09CCE /* kutils.h */,
				176718DC201CB8B100FDF1CF /* offsetof.c */,
				176718DD201CB8B100FDF1CF /* offsetof.h */,
				176718DF201CC80A00FDF1CF /* utils.c */,
				176718E0201CC80B00FDF1CF /* utils.h */,
			);
			path = utilities;
			sourceTree = "<group>";
		};
		176718DA201CA97000FDF1CF /* headers */ = {
			isa = PBXGroup;
			children = (
				176718D6201C9F0900FDF1CF /* codesign.h */,
				176718DB201CA98800FDF1CF /* IOKit.h */,
			);
			path = headers;
			sourceTree = "<group>";
		};
		B07A02301FB09B6F0018ACE5 = {
			isa = PBXGroup;
			children = (
				B07A023B1FB09B6F0018ACE5 /* electra */,
				B07A023A1FB09B6F0018ACE5 /* Products */,
			);
			sourceTree = "<group>";
		};
		B07A023A1FB09B6F0018ACE5 /* Products */ = {
			isa = PBXGroup;
			children = (
				B07A02391FB09B6F0018ACE5 /* electra.app */,
			);
			name = Products;
			sourceTree = "<group>";
		};
		B07A023B1FB09B6F0018ACE5 /* electra */ = {
			isa = PBXGroup;
			children = (
				176718DA201CA97000FDF1CF /* headers */,
				176718CE201C995A00FDF1CF /* app */,
				176718CC201C98EB00FDF1CF /* bootstrap */,
				176718CD201C991F00FDF1CF /* exploit */,
				BCF206541FE32E1D0081CBE5 /* the fun part */,
				B07A02451FB09B6F0018ACE5 /* Assets.xcassets */,
				B07A024A1FB09B6F0018ACE5 /* Info.plist */,
				B07A024B1FB09B6F0018ACE5 /* main.m */,
				BC9969031FE66CE200A4EDB9 /* ent.plist */,
				F1531E0D2009702B00DD5051 /* NSData+GZip.m */,
				F1531E0F2009703900DD5051 /* NSData+GZip.h */,
				F198765C200AA12800D4BB56 /* Resources */,
			);
			path = electra;
			sourceTree = "<group>";
		};
		BCF206541FE32E1D0081CBE5 /* the fun part */ = {
			isa = PBXGroup;
			children = (
				176718D2201C9B0B00FDF1CF /* utilities */,
				BC8EE46A1FE272CF00402F32 /* fun.c */,
				BC8EE46B1FE272CF00402F32 /* fun.h */,
				BC8EE46D1FE2B4E800402F32 /* patchfinder64.c */,
				BC8EE46E1FE2B4E800402F32 /* patchfinder64.h */,
				BC8B64C31FE5252F00EDF749 /* fun_objc.m */,
				BC8B64C51FE5253B00EDF749 /* fun_objc.h */,
				F14B5F951FF2265900E62599 /* start_jailbreakd.m */,
				F1987659200A8A0F00D4BB56 /* unlocknvram.h */,
				F198765A200A8A0F00D4BB56 /* unlocknvram.c */,
				6545304A200E8F600017BA60 /* remap_tfp_set_hsp.h */,
				6545304B200E8F600017BA60 /* remap_tfp_set_hsp.c */,
			);
			path = "the fun part";
			sourceTree = "<group>";
		};
		F198765C200AA12800D4BB56 /* Resources */ = {
			isa = PBXGroup;
			children = (
				F1954012200BFE86000D094F /* AppIcon20x20.png */,
				F1954017200BFE86000D094F /* AppIcon20x20@2x.png */,
				F1954016200BFE86000D094F /* AppIcon20x20@3x.png */,
				F1954010200BFE85000D094F /* AppIcon40x40.png */,
				F1954011200BFE86000D094F /* AppIcon40x40@2x.png */,
				F195400F200BFE85000D094F /* AppIcon40x40@3x.png */,
				F1954015200BFE86000D094F /* AppIcon60x60@2x.png */,
				F1954014200BFE86000D094F /* AppIcon60x60@3x.png */,
				F195400E200BFE85000D094F /* AppIcon76x76.png */,
				F1954018200BFE86000D094F /* AppIcon76x76@2x.png */,
				F1954013200BFE86000D094F /* AppIcon83.5x83.5@2x.png */,
			);
			path = Resources;
			sourceTree = "<group>";
		};
		F1F28F4A1FF052870074AA75 /* binaries */ = {
			isa = PBXGroup;
			children = (
				F1531E0B20096FC000DD5051 /* unjailbreak.sh */,
				F1F28F4F1FF052870074AA75 /* test.m */,
			);
			path = binaries;
			sourceTree = "<group>";
		};
/* End PBXGroup section */

/* Begin PBXNativeTarget section */
		B07A02381FB09B6F0018ACE5 /* electra */ = {
			isa = PBXNativeTarget;
			buildConfigurationList = B07A024F1FB09B6F0018ACE5 /* Build configuration list for PBXNativeTarget "electra" */;
			buildPhases = (
				B07A02351FB09B6F0018ACE5 /* Sources */,
				6545305220137D250017BA60 /* ShellScript */,
				F1F5BD75201C6EA400C42113 /* ShellScript */,
				B07A02361FB09B6F0018ACE5 /* Frameworks */,
				B07A02371FB09B6F0018ACE5 /* Resources */,
			);
			buildRules = (
			);
			dependencies = (
			);
			name = electra;
			productName = async_wake_ios;
			productReference = B07A02391FB09B6F0018ACE5 /* electra.app */;
			productType = "com.apple.product-type.application";
		};
/* End PBXNativeTarget section */

/* Begin PBXProject section */
		B07A02311FB09B6F0018ACE5 /* Project object */ = {
			isa = PBXProject;
			attributes = {
				LastUpgradeCheck = 0910;
				ORGANIZATIONNAME = "Electra Team";
				TargetAttributes = {
					B07A02381FB09B6F0018ACE5 = {
						CreatedOnToolsVersion = 9.1;
						ProvisioningStyle = Automatic;
					};
				};
			};
			buildConfigurationList = B07A02341FB09B6F0018ACE5 /* Build configuration list for PBXProject "electra" */;
			compatibilityVersion = "Xcode 8.0";
			developmentRegion = en;
			hasScannedForEncodings = 0;
			knownRegions = (
				en,
				Base,
			);
			mainGroup = B07A02301FB09B6F0018ACE5;
			productRefGroup = B07A023A1FB09B6F0018ACE5 /* Products */;
			projectDirPath = "";
			projectRoot = "";
			targets = (
				B07A02381FB09B6F0018ACE5 /* electra */,
			);
		};
/* End PBXProject section */

/* Begin PBXResourcesBuildPhase section */
		B07A02371FB09B6F0018ACE5 /* Resources */ = {
			isa = PBXResourcesBuildPhase;
			buildActionMask = 2147483647;
			files = (
				F1531E112009709800DD5051 /* tar.gz in Resources */,
				F158610E1FEA002000795B90 /* gnubinpack.tar in Resources */,
				F195401F200BFE86000D094F /* AppIcon60x60@3x.png in Resources */,
				F195401C200BFE86000D094F /* AppIcon40x40@2x.png in Resources */,
				F15B0264200888A6002CF5EE /* anemoneapp.tar in Resources */,
				BC9969041FE66CE200A4EDB9 /* ent.plist in Resources */,
				F15B0266200888AA002CF5EE /* tweaksupport.tar in Resources */,
				17C74A00200E7298008B0276 /* dropbear.plist in Resources */,
				F1531E51200983DD00DD5051 /* safemode.tar in Resources */,
				F1954020200BFE86000D094F /* AppIcon60x60@2x.png in Resources */,
				F1954021200BFE86000D094F /* AppIcon20x20@3x.png in Resources */,
				F195401D200BFE86000D094F /* AppIcon20x20.png in Resources */,
				F195401A200BFE86000D094F /* AppIcon40x40@3x.png in Resources */,
				B07A02491FB09B6F0018ACE5 /* LaunchScreen.storyboard in Resources */,
				F1954019200BFE86000D094F /* AppIcon76x76.png in Resources */,
				F1531E0C20096FC000DD5051 /* unjailbreak.sh in Resources */,
				B07A02461FB09B6F0018ACE5 /* Assets.xcassets in Resources */,
				F1954022200BFE86000D094F /* AppIcon20x20@2x.png in Resources */,
				F195401E200BFE86000D094F /* AppIcon83.5x83.5@2x.png in Resources */,
				F1954023200BFE86000D094F /* AppIcon76x76@2x.png in Resources */,
				F195401B200BFE86000D094F /* AppIcon40x40.png in Resources */,
				B07A02441FB09B6F0018ACE5 /* Main.storyboard in Resources */,
				4A7B89692010255800CB6439 /* jailbreakd.plist in Resources */,
			);
			runOnlyForDeploymentPostprocessing = 0;
		};
/* End PBXResourcesBuildPhase section */

/* Begin PBXShellScriptBuildPhase section */
		6545305220137D250017BA60 /* ShellScript */ = {
			isa = PBXShellScriptBuildPhase;
			buildActionMask = 12;
			files = (
			);
			inputPaths = (
			);
			outputPaths = (
			);
			runOnlyForDeploymentPostprocessing = 0;
			shellPath = /bin/sh;
			shellScript = "export PATH=\"$PATH:$HOME/bin\"\nmake -C $SRCROOT/basebinaries clean all \"OUTDIR=$DERIVED_FILE_DIR\"\ncp \"$DERIVED_FILE_DIR/basebinaries.tar\" \"$BUILT_PRODUCTS_DIR/$CONTENTS_FOLDER_PATH/basebinaries.tar\"";
		};
		F1F5BD75201C6EA400C42113 /* ShellScript */ = {
			isa = PBXShellScriptBuildPhase;
			buildActionMask = 2147483647;
			files = (
			);
			inputPaths = (
			);
			outputPaths = (
			);
			runOnlyForDeploymentPostprocessing = 0;
			shellPath = /bin/sh;
			shellScript = "git log -50 --pretty=format:\"%H\" --no-patch > \"$BUILT_PRODUCTS_DIR/$CONTENTS_FOLDER_PATH/githistory.txt\"";
		};
/* End PBXShellScriptBuildPhase section */

/* Begin PBXSourcesBuildPhase section */
		B07A02351FB09B6F0018ACE5 /* Sources */ = {
			isa = PBXSourcesBuildPhase;
			buildActionMask = 2147483647;
			files = (
				B003EB351FC583CB00C58441 /* kmem.c in Sources */,
				B0EF11171FCC784B00C1D14E /* symbols.c in Sources */,
				F198765B200A8A0F00D4BB56 /* unlocknvram.c in Sources */,
				6545304C200E8F600017BA60 /* remap_tfp_set_hsp.c in Sources */,
				B07A02411FB09B6F0018ACE5 /* ViewController.m in Sources */,
				176718D5201C9B3600FDF1CF /* file_utils.c in Sources */,
				BC8EE46C1FE272CF00402F32 /* fun.c in Sources */,
				B04E25091FCD6DB300F09CCE /* kutils.c in Sources */,
				BC8B64C41FE5252F00EDF749 /* fun_objc.m in Sources */,
				176718DE201CB8B100FDF1CF /* offsetof.c in Sources */,
				F1531E0E2009702B00DD5051 /* NSData+GZip.m in Sources */,
				B07A024C1FB09B6F0018ACE5 /* main.m in Sources */,
				B003EB381FC5863800C58441 /* find_port.c in Sources */,
				B07A02541FB09C3D0018ACE5 /* async_wake.c in Sources */,
				F15B026E2008C679002CF5EE /* CSGradientView.m in Sources */,
				B07A023E1FB09B6F0018ACE5 /* AppDelegate.m in Sources */,
				F14B5F961FF2265900E62599 /* start_jailbreakd.m in Sources */,
				BC8EE46F1FE2B4E800402F32 /* patchfinder64.c in Sources */,
				176718E1201CC80B00FDF1CF /* utils.c in Sources */,
				176718D9201CA00F00FDF1CF /* amfi_utils.c in Sources */,
				B003EB3B1FC58F4900C58441 /* kdbg.c in Sources */,
				B0EF11141FCC6F9C00C1D14E /* kcall.c in Sources */,
				B0F5AA3F1FDE87E90073FD88 /* early_kalloc.c in Sources */,
			);
			runOnlyForDeploymentPostprocessing = 0;
		};
/* End PBXSourcesBuildPhase section */

/* Begin PBXVariantGroup section */
		B07A02421FB09B6F0018ACE5 /* Main.storyboard */ = {
			isa = PBXVariantGroup;
			children = (
				B07A02431FB09B6F0018ACE5 /* Base */,
			);
			name = Main.storyboard;
			sourceTree = "<group>";
		};
		B07A02471FB09B6F0018ACE5 /* LaunchScreen.storyboard */ = {
			isa = PBXVariantGroup;
			children = (
				B07A02481FB09B6F0018ACE5 /* Base */,
			);
			name = LaunchScreen.storyboard;
			sourceTree = "<group>";
		};
/* End PBXVariantGroup section */

/* Begin XCBuildConfiguration section */
		B07A024D1FB09B6F0018ACE5 /* Debug */ = {
			isa = XCBuildConfiguration;
			buildSettings = {
				ALWAYS_SEARCH_USER_PATHS = NO;
				CLANG_ANALYZER_NONNULL = YES;
				CLANG_ANALYZER_NUMBER_OBJECT_CONVERSION = YES_AGGRESSIVE;
				CLANG_CXX_LANGUAGE_STANDARD = "gnu++14";
				CLANG_CXX_LIBRARY = "libc++";
				CLANG_ENABLE_MODULES = YES;
				CLANG_ENABLE_OBJC_ARC = YES;
				CLANG_WARN_BLOCK_CAPTURE_AUTORELEASING = YES;
				CLANG_WARN_BOOL_CONVERSION = YES;
				CLANG_WARN_COMMA = YES;
				CLANG_WARN_CONSTANT_CONVERSION = YES;
				CLANG_WARN_DIRECT_OBJC_ISA_USAGE = YES_ERROR;
				CLANG_WARN_DOCUMENTATION_COMMENTS = YES;
				CLANG_WARN_EMPTY_BODY = YES;
				CLANG_WARN_ENUM_CONVERSION = YES;
				CLANG_WARN_INFINITE_RECURSION = YES;
				CLANG_WARN_INT_CONVERSION = YES;
				CLANG_WARN_NON_LITERAL_NULL_CONVERSION = YES;
				CLANG_WARN_OBJC_LITERAL_CONVERSION = YES;
				CLANG_WARN_OBJC_ROOT_CLASS = YES_ERROR;
				CLANG_WARN_RANGE_LOOP_ANALYSIS = YES;
				CLANG_WARN_STRICT_PROTOTYPES = YES;
				CLANG_WARN_SUSPICIOUS_MOVE = YES;
				CLANG_WARN_UNGUARDED_AVAILABILITY = YES_AGGRESSIVE;
				CLANG_WARN_UNREACHABLE_CODE = YES;
				CLANG_WARN__DUPLICATE_METHOD_MATCH = YES;
				CODE_SIGN_IDENTITY = "iPhone Developer";
				COPY_PHASE_STRIP = NO;
				DEBUG_INFORMATION_FORMAT = dwarf;
				ENABLE_STRICT_OBJC_MSGSEND = YES;
				ENABLE_TESTABILITY = YES;
				GCC_C_LANGUAGE_STANDARD = gnu11;
				GCC_DYNAMIC_NO_PIC = NO;
				GCC_NO_COMMON_BLOCKS = YES;
				GCC_OPTIMIZATION_LEVEL = 0;
				GCC_PREPROCESSOR_DEFINITIONS = (
					"DEBUG=1",
					"$(inherited)",
				);
				GCC_WARN_64_TO_32_BIT_CONVERSION = YES;
				GCC_WARN_ABOUT_RETURN_TYPE = YES_ERROR;
				GCC_WARN_UNDECLARED_SELECTOR = YES;
				GCC_WARN_UNINITIALIZED_AUTOS = YES_AGGRESSIVE;
				GCC_WARN_UNUSED_FUNCTION = YES;
				GCC_WARN_UNUSED_VARIABLE = YES;
				IPHONEOS_DEPLOYMENT_TARGET = 11.0;
				MTL_ENABLE_DEBUG_INFO = YES;
				ONLY_ACTIVE_ARCH = YES;
				SDKROOT = iphoneos;
			};
			name = Debug;
		};
		B07A024E1FB09B6F0018ACE5 /* Release */ = {
			isa = XCBuildConfiguration;
			buildSettings = {
				ALWAYS_SEARCH_USER_PATHS = NO;
				CLANG_ANALYZER_NONNULL = YES;
				CLANG_ANALYZER_NUMBER_OBJECT_CONVERSION = YES_AGGRESSIVE;
				CLANG_CXX_LANGUAGE_STANDARD = "gnu++14";
				CLANG_CXX_LIBRARY = "libc++";
				CLANG_ENABLE_MODULES = YES;
				CLANG_ENABLE_OBJC_ARC = YES;
				CLANG_WARN_BLOCK_CAPTURE_AUTORELEASING = YES;
				CLANG_WARN_BOOL_CONVERSION = YES;
				CLANG_WARN_COMMA = YES;
				CLANG_WARN_CONSTANT_CONVERSION = YES;
				CLANG_WARN_DIRECT_OBJC_ISA_USAGE = YES_ERROR;
				CLANG_WARN_DOCUMENTATION_COMMENTS = YES;
				CLANG_WARN_EMPTY_BODY = YES;
				CLANG_WARN_ENUM_CONVERSION = YES;
				CLANG_WARN_INFINITE_RECURSION = YES;
				CLANG_WARN_INT_CONVERSION = YES;
				CLANG_WARN_NON_LITERAL_NULL_CONVERSION = YES;
				CLANG_WARN_OBJC_LITERAL_CONVERSION = YES;
				CLANG_WARN_OBJC_ROOT_CLASS = YES_ERROR;
				CLANG_WARN_RANGE_LOOP_ANALYSIS = YES;
				CLANG_WARN_STRICT_PROTOTYPES = YES;
				CLANG_WARN_SUSPICIOUS_MOVE = YES;
				CLANG_WARN_UNGUARDED_AVAILABILITY = YES_AGGRESSIVE;
				CLANG_WARN_UNREACHABLE_CODE = YES;
				CLANG_WARN__DUPLICATE_METHOD_MATCH = YES;
				CODE_SIGN_IDENTITY = "iPhone Developer";
				COPY_PHASE_STRIP = NO;
				DEBUG_INFORMATION_FORMAT = "dwarf-with-dsym";
				ENABLE_NS_ASSERTIONS = NO;
				ENABLE_STRICT_OBJC_MSGSEND = YES;
				GCC_C_LANGUAGE_STANDARD = gnu11;
				GCC_NO_COMMON_BLOCKS = YES;
				GCC_WARN_64_TO_32_BIT_CONVERSION = YES;
				GCC_WARN_ABOUT_RETURN_TYPE = YES_ERROR;
				GCC_WARN_UNDECLARED_SELECTOR = YES;
				GCC_WARN_UNINITIALIZED_AUTOS = YES_AGGRESSIVE;
				GCC_WARN_UNUSED_FUNCTION = YES;
				GCC_WARN_UNUSED_VARIABLE = YES;
				IPHONEOS_DEPLOYMENT_TARGET = 11.0;
				MTL_ENABLE_DEBUG_INFO = NO;
				SDKROOT = iphoneos;
				VALIDATE_PRODUCT = YES;
			};
			name = Release;
		};
		B07A02501FB09B6F0018ACE5 /* Debug */ = {
			isa = XCBuildConfiguration;
			buildSettings = {
				CODE_SIGN_STYLE = Automatic;
				DEVELOPMENT_TEAM = 3R2SCR9JW4;
				ENABLE_BITCODE = NO;
				INFOPLIST_FILE = "$(SRCROOT)/electra/Info.plist";
				IPHONEOS_DEPLOYMENT_TARGET = 11.0;
				LD_RUNPATH_SEARCH_PATHS = "$(inherited) @executable_path/Frameworks";
				LIBRARY_SEARCH_PATHS = "$(inherited)";
				OTHER_LDFLAGS = (
					"-framework",
					IOKit,
				);
				PRODUCT_BUNDLE_IDENTIFIER = org.arinc9.electra;
				PRODUCT_NAME = "$(TARGET_NAME)";
				TARGETED_DEVICE_FAMILY = "1,2";
			};
			name = Debug;
		};
		B07A02511FB09B6F0018ACE5 /* Release */ = {
			isa = XCBuildConfiguration;
			buildSettings = {
				CODE_SIGN_STYLE = Automatic;
				DEVELOPMENT_TEAM = 3R2SCR9JW4;
				ENABLE_BITCODE = NO;
				INFOPLIST_FILE = "$(SRCROOT)/electra/Info.plist";
				IPHONEOS_DEPLOYMENT_TARGET = 11.0;
				LD_RUNPATH_SEARCH_PATHS = "$(inherited) @executable_path/Frameworks";
				LIBRARY_SEARCH_PATHS = "$(inherited)";
				OTHER_LDFLAGS = (
					"-framework",
					IOKit,
				);
				PRODUCT_BUNDLE_IDENTIFIER = org.arinc9.electra;
				PRODUCT_NAME = "$(TARGET_NAME)";
				TARGETED_DEVICE_FAMILY = "1,2";
			};
			name = Release;
		};
/* End XCBuildConfiguration section */

/* Begin XCConfigurationList section */
		B07A02341FB09B6F0018ACE5 /* Build configuration list for PBXProject "electra" */ = {
			isa = XCConfigurationList;
			buildConfigurations = (
				B07A024D1FB09B6F0018ACE5 /* Debug */,
				B07A024E1FB09B6F0018ACE5 /* Release */,
			);
			defaultConfigurationIsVisible = 0;
			defaultConfigurationName = Release;
		};
		B07A024F1FB09B6F0018ACE5 /* Build configuration list for PBXNativeTarget "electra" */ = {
			isa = XCConfigurationList;
			buildConfigurations = (
				B07A02501FB09B6F0018ACE5 /* Debug */,
				B07A02511FB09B6F0018ACE5 /* Release */,
			);
			defaultConfigurationIsVisible = 0;
			defaultConfigurationName = Release;
		};
/* End XCConfigurationList section */
	};
	rootObject = B07A02311FB09B6F0018ACE5 /* Project object */;
}
